// !$*UTF8*$!
{
	archiveVersion = 1;
	classes = {
	};
	objectVersion = 48;
	objects = {

/* Begin PBXBuildFile section */
		18060AE61FC7C25B006559CE /* Bees.h in Headers */ = {isa = PBXBuildFile; fileRef = 18060AE41FC7C25B006559CE /* Bees.h */; settings = {ATTRIBUTES = (Public, ); }; };
		18060AF31FC7C38E006559CE /* AppDelegate.swift in Sources */ = {isa = PBXBuildFile; fileRef = 18060AF21FC7C38E006559CE /* AppDelegate.swift */; };
		18060AF51FC7C38E006559CE /* ViewController.swift in Sources */ = {isa = PBXBuildFile; fileRef = 18060AF41FC7C38E006559CE /* ViewController.swift */; };
		18060AF81FC7C38E006559CE /* Main.storyboard in Resources */ = {isa = PBXBuildFile; fileRef = 18060AF61FC7C38E006559CE /* Main.storyboard */; };
		18060AFA1FC7C38E006559CE /* Assets.xcassets in Resources */ = {isa = PBXBuildFile; fileRef = 18060AF91FC7C38E006559CE /* Assets.xcassets */; };
		18060AFD1FC7C38E006559CE /* LaunchScreen.storyboard in Resources */ = {isa = PBXBuildFile; fileRef = 18060AFB1FC7C38E006559CE /* LaunchScreen.storyboard */; };
		181DA5C1200707910069A8F2 /* Pollen.swift in Sources */ = {isa = PBXBuildFile; fileRef = 181DA5C0200707910069A8F2 /* Pollen.swift */; };
		181DA5C2200707910069A8F2 /* Pollen.swift in Sources */ = {isa = PBXBuildFile; fileRef = 181DA5C0200707910069A8F2 /* Pollen.swift */; };
		181DA5C3200707910069A8F2 /* Pollen.swift in Sources */ = {isa = PBXBuildFile; fileRef = 181DA5C0200707910069A8F2 /* Pollen.swift */; };
		181DA5C520070B800069A8F2 /* LinkBee.swift in Sources */ = {isa = PBXBuildFile; fileRef = 181DA5C420070B800069A8F2 /* LinkBee.swift */; };
		181DA5C620070B800069A8F2 /* LinkBee.swift in Sources */ = {isa = PBXBuildFile; fileRef = 181DA5C420070B800069A8F2 /* LinkBee.swift */; };
		181DA5C720070B800069A8F2 /* LinkBee.swift in Sources */ = {isa = PBXBuildFile; fileRef = 181DA5C420070B800069A8F2 /* LinkBee.swift */; };
		181DA5C9200746AF0069A8F2 /* SizeBee.swift in Sources */ = {isa = PBXBuildFile; fileRef = 181DA5C8200746AF0069A8F2 /* SizeBee.swift */; };
		181DA5CA200746AF0069A8F2 /* SizeBee.swift in Sources */ = {isa = PBXBuildFile; fileRef = 181DA5C8200746AF0069A8F2 /* SizeBee.swift */; };
		181DA5CB200746AF0069A8F2 /* SizeBee.swift in Sources */ = {isa = PBXBuildFile; fileRef = 181DA5C8200746AF0069A8F2 /* SizeBee.swift */; };
		181DA5D2200C49480069A8F2 /* CenterBee.swift in Sources */ = {isa = PBXBuildFile; fileRef = 181DA5D1200C49480069A8F2 /* CenterBee.swift */; };
		181DA5D3200C49480069A8F2 /* CenterBee.swift in Sources */ = {isa = PBXBuildFile; fileRef = 181DA5D1200C49480069A8F2 /* CenterBee.swift */; };
		181DA5D4200C49480069A8F2 /* CenterBee.swift in Sources */ = {isa = PBXBuildFile; fileRef = 181DA5D1200C49480069A8F2 /* CenterBee.swift */; };
		181DA5D6200C4BEC0069A8F2 /* EdgesBee.swift in Sources */ = {isa = PBXBuildFile; fileRef = 181DA5D5200C4BEC0069A8F2 /* EdgesBee.swift */; };
		181DA5D7200C4BEC0069A8F2 /* EdgesBee.swift in Sources */ = {isa = PBXBuildFile; fileRef = 181DA5D5200C4BEC0069A8F2 /* EdgesBee.swift */; };
		181DA5D8200C4BEC0069A8F2 /* EdgesBee.swift in Sources */ = {isa = PBXBuildFile; fileRef = 181DA5D5200C4BEC0069A8F2 /* EdgesBee.swift */; };
		187D5E5D1FC7C607005986AD /* Bee.swift in Sources */ = {isa = PBXBuildFile; fileRef = 187D5E5C1FC7C607005986AD /* Bee.swift */; };
		187D5E601FC7F48F005986AD /* Bees.framework in Frameworks */ = {isa = PBXBuildFile; fileRef = 18060AE11FC7C25B006559CE /* Bees.framework */; };
		187D5E611FC7F48F005986AD /* Bees.framework in Embed Frameworks */ = {isa = PBXBuildFile; fileRef = 18060AE11FC7C25B006559CE /* Bees.framework */; settings = {ATTRIBUTES = (CodeSignOnCopy, RemoveHeadersOnCopy, ); }; };
		1897B281202413C1006BFC8A /* Bees.framework in Frameworks */ = {isa = PBXBuildFile; fileRef = 18EB4D201FD68D5C00843A49 /* Bees.framework */; };
		1897B28720241408006BFC8A /* LinkBeeTests.swift in Sources */ = {isa = PBXBuildFile; fileRef = 18A88E762023218600C90E6A /* LinkBeeTests.swift */; };
		1897B29120241443006BFC8A /* Bees.framework in Frameworks */ = {isa = PBXBuildFile; fileRef = 18EB4D2D1FD68DA000843A49 /* Bees.framework */; };
		1897B29720241473006BFC8A /* LinkBeeTests.swift in Sources */ = {isa = PBXBuildFile; fileRef = 18A88E762023218600C90E6A /* LinkBeeTests.swift */; };
		1897B299202415C7006BFC8A /* SizeBeeTests.swift in Sources */ = {isa = PBXBuildFile; fileRef = 1897B298202415C7006BFC8A /* SizeBeeTests.swift */; };
		1897B29A202415C7006BFC8A /* SizeBeeTests.swift in Sources */ = {isa = PBXBuildFile; fileRef = 1897B298202415C7006BFC8A /* SizeBeeTests.swift */; };
		1897B29B202415C7006BFC8A /* SizeBeeTests.swift in Sources */ = {isa = PBXBuildFile; fileRef = 1897B298202415C7006BFC8A /* SizeBeeTests.swift */; };
		1897B29D20241851006BFC8A /* CenterBeeTests.swift in Sources */ = {isa = PBXBuildFile; fileRef = 1897B29C20241851006BFC8A /* CenterBeeTests.swift */; };
		1897B29E20241851006BFC8A /* CenterBeeTests.swift in Sources */ = {isa = PBXBuildFile; fileRef = 1897B29C20241851006BFC8A /* CenterBeeTests.swift */; };
		1897B29F20241851006BFC8A /* CenterBeeTests.swift in Sources */ = {isa = PBXBuildFile; fileRef = 1897B29C20241851006BFC8A /* CenterBeeTests.swift */; };
		1897B2A120243792006BFC8A /* EdgesBeeTests.swift in Sources */ = {isa = PBXBuildFile; fileRef = 1897B2A020243792006BFC8A /* EdgesBeeTests.swift */; };
		1897B2A220243792006BFC8A /* EdgesBeeTests.swift in Sources */ = {isa = PBXBuildFile; fileRef = 1897B2A020243792006BFC8A /* EdgesBeeTests.swift */; };
		1897B2A320243792006BFC8A /* EdgesBeeTests.swift in Sources */ = {isa = PBXBuildFile; fileRef = 1897B2A020243792006BFC8A /* EdgesBeeTests.swift */; };
		18A88E772023218600C90E6A /* LinkBeeTests.swift in Sources */ = {isa = PBXBuildFile; fileRef = 18A88E762023218600C90E6A /* LinkBeeTests.swift */; };
		18A88E792023218600C90E6A /* Bees.framework in Frameworks */ = {isa = PBXBuildFile; fileRef = 18060AE11FC7C25B006559CE /* Bees.framework */; };
		18EB4D3D1FD68E5B00843A49 /* AppDelegate.swift in Sources */ = {isa = PBXBuildFile; fileRef = 18EB4D3C1FD68E5B00843A49 /* AppDelegate.swift */; };
		18EB4D3F1FD68E5B00843A49 /* ViewController.swift in Sources */ = {isa = PBXBuildFile; fileRef = 18EB4D3E1FD68E5B00843A49 /* ViewController.swift */; };
		18EB4D421FD68E5B00843A49 /* Main.storyboard in Resources */ = {isa = PBXBuildFile; fileRef = 18EB4D401FD68E5B00843A49 /* Main.storyboard */; };
		18EB4D441FD68E5B00843A49 /* Assets.xcassets in Resources */ = {isa = PBXBuildFile; fileRef = 18EB4D431FD68E5B00843A49 /* Assets.xcassets */; };
		18EB4D491FD68EB100843A49 /* Bees.h in Headers */ = {isa = PBXBuildFile; fileRef = 18060AE41FC7C25B006559CE /* Bees.h */; settings = {ATTRIBUTES = (Public, ); }; };
		18EB4D4A1FD68EBE00843A49 /* Bee.swift in Sources */ = {isa = PBXBuildFile; fileRef = 187D5E5C1FC7C607005986AD /* Bee.swift */; };
		18EB4D4D1FD68F8F00843A49 /* Bees.framework in Frameworks */ = {isa = PBXBuildFile; fileRef = 18EB4D201FD68D5C00843A49 /* Bees.framework */; };
		18EB4D4E1FD68F8F00843A49 /* Bees.framework in Embed Frameworks */ = {isa = PBXBuildFile; fileRef = 18EB4D201FD68D5C00843A49 /* Bees.framework */; settings = {ATTRIBUTES = (CodeSignOnCopy, RemoveHeadersOnCopy, ); }; };
		18EB4D591FD690D600843A49 /* AppDelegate.swift in Sources */ = {isa = PBXBuildFile; fileRef = 18EB4D581FD690D600843A49 /* AppDelegate.swift */; };
		18EB4D5B1FD690D600843A49 /* ViewController.swift in Sources */ = {isa = PBXBuildFile; fileRef = 18EB4D5A1FD690D600843A49 /* ViewController.swift */; };
		18EB4D5D1FD690D600843A49 /* Assets.xcassets in Resources */ = {isa = PBXBuildFile; fileRef = 18EB4D5C1FD690D600843A49 /* Assets.xcassets */; };
		18EB4D601FD690D600843A49 /* Main.storyboard in Resources */ = {isa = PBXBuildFile; fileRef = 18EB4D5E1FD690D600843A49 /* Main.storyboard */; };
		18EB4D671FD6912000843A49 /* View.swift in Sources */ = {isa = PBXBuildFile; fileRef = 18EB4D661FD6912000843A49 /* View.swift */; };
		18EB4D681FD6949F00843A49 /* Bees.framework in Frameworks */ = {isa = PBXBuildFile; fileRef = 18EB4D2D1FD68DA000843A49 /* Bees.framework */; };
		18EB4D691FD6949F00843A49 /* Bees.framework in Embed Frameworks */ = {isa = PBXBuildFile; fileRef = 18EB4D2D1FD68DA000843A49 /* Bees.framework */; settings = {ATTRIBUTES = (CodeSignOnCopy, RemoveHeadersOnCopy, ); }; };
		18EB4D6D1FD6954000843A49 /* Bees.h in Headers */ = {isa = PBXBuildFile; fileRef = 18060AE41FC7C25B006559CE /* Bees.h */; settings = {ATTRIBUTES = (Public, ); }; };
		18EB4D6E1FD6954E00843A49 /* Bee.swift in Sources */ = {isa = PBXBuildFile; fileRef = 187D5E5C1FC7C607005986AD /* Bee.swift */; };
/* End PBXBuildFile section */

/* Begin PBXContainerItemProxy section */
		18060B021FC7C3F0006559CE /* PBXContainerItemProxy */ = {
			isa = PBXContainerItemProxy;
			containerPortal = 18060AD81FC7C25B006559CE /* Project object */;
			proxyType = 1;
			remoteGlobalIDString = 18060AE01FC7C25B006559CE;
			remoteInfo = Bees;
		};
		1897B282202413C1006BFC8A /* PBXContainerItemProxy */ = {
			isa = PBXContainerItemProxy;
			containerPortal = 18060AD81FC7C25B006559CE /* Project object */;
			proxyType = 1;
			remoteGlobalIDString = 18EB4D1F1FD68D5C00843A49;
			remoteInfo = "Bees-tvOS";
		};
		1897B29220241443006BFC8A /* PBXContainerItemProxy */ = {
			isa = PBXContainerItemProxy;
			containerPortal = 18060AD81FC7C25B006559CE /* Project object */;
			proxyType = 1;
			remoteGlobalIDString = 18EB4D2C1FD68DA000843A49;
			remoteInfo = "Bees-macOS";
		};
		18A88E7A2023218600C90E6A /* PBXContainerItemProxy */ = {
			isa = PBXContainerItemProxy;
			containerPortal = 18060AD81FC7C25B006559CE /* Project object */;
			proxyType = 1;
			remoteGlobalIDString = 18060AE01FC7C25B006559CE;
			remoteInfo = "Bees-iOS";
		};
		18EB4D4F1FD68F8F00843A49 /* PBXContainerItemProxy */ = {
			isa = PBXContainerItemProxy;
			containerPortal = 18060AD81FC7C25B006559CE /* Project object */;
			proxyType = 1;
			remoteGlobalIDString = 18EB4D1F1FD68D5C00843A49;
			remoteInfo = "Bees-tvOS";
		};
		18EB4D6A1FD6949F00843A49 /* PBXContainerItemProxy */ = {
			isa = PBXContainerItemProxy;
			containerPortal = 18060AD81FC7C25B006559CE /* Project object */;
			proxyType = 1;
			remoteGlobalIDString = 18EB4D2C1FD68DA000843A49;
			remoteInfo = "Bees-macOS";
		};
/* End PBXContainerItemProxy section */

/* Begin PBXCopyFilesBuildPhase section */
		187D5E621FC7F48F005986AD /* Embed Frameworks */ = {
			isa = PBXCopyFilesBuildPhase;
			buildActionMask = 2147483647;
			dstPath = "";
			dstSubfolderSpec = 10;
			files = (
				187D5E611FC7F48F005986AD /* Bees.framework in Embed Frameworks */,
			);
			name = "Embed Frameworks";
			runOnlyForDeploymentPostprocessing = 0;
		};
		18EB4D511FD68F8F00843A49 /* Embed Frameworks */ = {
			isa = PBXCopyFilesBuildPhase;
			buildActionMask = 2147483647;
			dstPath = "";
			dstSubfolderSpec = 10;
			files = (
				18EB4D4E1FD68F8F00843A49 /* Bees.framework in Embed Frameworks */,
			);
			name = "Embed Frameworks";
			runOnlyForDeploymentPostprocessing = 0;
		};
		18EB4D6C1FD6949F00843A49 /* Embed Frameworks */ = {
			isa = PBXCopyFilesBuildPhase;
			buildActionMask = 2147483647;
			dstPath = "";
			dstSubfolderSpec = 10;
			files = (
				18EB4D691FD6949F00843A49 /* Bees.framework in Embed Frameworks */,
			);
			name = "Embed Frameworks";
			runOnlyForDeploymentPostprocessing = 0;
		};
/* End PBXCopyFilesBuildPhase section */

/* Begin PBXFileReference section */
		18060AE11FC7C25B006559CE /* Bees.framework */ = {isa = PBXFileReference; explicitFileType = wrapper.framework; includeInIndex = 0; path = Bees.framework; sourceTree = BUILT_PRODUCTS_DIR; };
		18060AE41FC7C25B006559CE /* Bees.h */ = {isa = PBXFileReference; lastKnownFileType = sourcecode.c.h; path = Bees.h; sourceTree = "<group>"; };
		18060AE51FC7C25B006559CE /* Info.plist */ = {isa = PBXFileReference; lastKnownFileType = text.plist.xml; path = Info.plist; sourceTree = "<group>"; };
		18060AF01FC7C38D006559CE /* iOS Demo.app */ = {isa = PBXFileReference; explicitFileType = wrapper.application; includeInIndex = 0; path = "iOS Demo.app"; sourceTree = BUILT_PRODUCTS_DIR; };
		18060AF21FC7C38E006559CE /* AppDelegate.swift */ = {isa = PBXFileReference; lastKnownFileType = sourcecode.swift; path = AppDelegate.swift; sourceTree = "<group>"; };
		18060AF41FC7C38E006559CE /* ViewController.swift */ = {isa = PBXFileReference; lastKnownFileType = sourcecode.swift; path = ViewController.swift; sourceTree = "<group>"; };
		18060AF71FC7C38E006559CE /* Base */ = {isa = PBXFileReference; lastKnownFileType = file.storyboard; name = Base; path = Base.lproj/Main.storyboard; sourceTree = "<group>"; };
		18060AF91FC7C38E006559CE /* Assets.xcassets */ = {isa = PBXFileReference; lastKnownFileType = folder.assetcatalog; path = Assets.xcassets; sourceTree = "<group>"; };
		18060AFC1FC7C38E006559CE /* Base */ = {isa = PBXFileReference; lastKnownFileType = file.storyboard; name = Base; path = Base.lproj/LaunchScreen.storyboard; sourceTree = "<group>"; };
		18060AFE1FC7C38E006559CE /* Info.plist */ = {isa = PBXFileReference; lastKnownFileType = text.plist.xml; path = Info.plist; sourceTree = "<group>"; };
		181DA5C0200707910069A8F2 /* Pollen.swift */ = {isa = PBXFileReference; lastKnownFileType = sourcecode.swift; path = Pollen.swift; sourceTree = "<group>"; };
		181DA5C420070B800069A8F2 /* LinkBee.swift */ = {isa = PBXFileReference; lastKnownFileType = sourcecode.swift; path = LinkBee.swift; sourceTree = "<group>"; };
		181DA5C8200746AF0069A8F2 /* SizeBee.swift */ = {isa = PBXFileReference; lastKnownFileType = sourcecode.swift; path = SizeBee.swift; sourceTree = "<group>"; };
		181DA5D1200C49480069A8F2 /* CenterBee.swift */ = {isa = PBXFileReference; lastKnownFileType = sourcecode.swift; path = CenterBee.swift; sourceTree = "<group>"; };
		181DA5D5200C4BEC0069A8F2 /* EdgesBee.swift */ = {isa = PBXFileReference; lastKnownFileType = sourcecode.swift; path = EdgesBee.swift; sourceTree = "<group>"; };
		187D5E5C1FC7C607005986AD /* Bee.swift */ = {isa = PBXFileReference; lastKnownFileType = sourcecode.swift; path = Bee.swift; sourceTree = "<group>"; };
		1897B27C202413C1006BFC8A /* BeesTests-tvOS.xctest */ = {isa = PBXFileReference; explicitFileType = wrapper.cfbundle; includeInIndex = 0; path = "BeesTests-tvOS.xctest"; sourceTree = BUILT_PRODUCTS_DIR; };
		1897B280202413C1006BFC8A /* Info.plist */ = {isa = PBXFileReference; lastKnownFileType = text.plist.xml; path = Info.plist; sourceTree = "<group>"; };
		1897B28C20241443006BFC8A /* BeesTests-macOS.xctest */ = {isa = PBXFileReference; explicitFileType = wrapper.cfbundle; includeInIndex = 0; path = "BeesTests-macOS.xctest"; sourceTree = BUILT_PRODUCTS_DIR; };
		1897B29020241443006BFC8A /* Info.plist */ = {isa = PBXFileReference; lastKnownFileType = text.plist.xml; path = Info.plist; sourceTree = "<group>"; };
		1897B298202415C7006BFC8A /* SizeBeeTests.swift */ = {isa = PBXFileReference; lastKnownFileType = sourcecode.swift; path = SizeBeeTests.swift; sourceTree = "<group>"; };
		1897B29C20241851006BFC8A /* CenterBeeTests.swift */ = {isa = PBXFileReference; lastKnownFileType = sourcecode.swift; path = CenterBeeTests.swift; sourceTree = "<group>"; };
		1897B2A020243792006BFC8A /* EdgesBeeTests.swift */ = {isa = PBXFileReference; lastKnownFileType = sourcecode.swift; path = EdgesBeeTests.swift; sourceTree = "<group>"; };
		18A88E742023218600C90E6A /* BeesTests.xctest */ = {isa = PBXFileReference; explicitFileType = wrapper.cfbundle; includeInIndex = 0; path = BeesTests.xctest; sourceTree = BUILT_PRODUCTS_DIR; };
		18A88E762023218600C90E6A /* LinkBeeTests.swift */ = {isa = PBXFileReference; lastKnownFileType = sourcecode.swift; path = LinkBeeTests.swift; sourceTree = "<group>"; };
		18A88E782023218600C90E6A /* Info.plist */ = {isa = PBXFileReference; lastKnownFileType = text.plist.xml; path = Info.plist; sourceTree = "<group>"; };
		18EB4D201FD68D5C00843A49 /* Bees.framework */ = {isa = PBXFileReference; explicitFileType = wrapper.framework; includeInIndex = 0; path = Bees.framework; sourceTree = BUILT_PRODUCTS_DIR; };
		18EB4D2D1FD68DA000843A49 /* Bees.framework */ = {isa = PBXFileReference; explicitFileType = wrapper.framework; includeInIndex = 0; path = Bees.framework; sourceTree = BUILT_PRODUCTS_DIR; };
		18EB4D3A1FD68E5A00843A49 /* tvOS Demo.app */ = {isa = PBXFileReference; explicitFileType = wrapper.application; includeInIndex = 0; path = "tvOS Demo.app"; sourceTree = BUILT_PRODUCTS_DIR; };
		18EB4D3C1FD68E5B00843A49 /* AppDelegate.swift */ = {isa = PBXFileReference; lastKnownFileType = sourcecode.swift; path = AppDelegate.swift; sourceTree = "<group>"; };
		18EB4D3E1FD68E5B00843A49 /* ViewController.swift */ = {isa = PBXFileReference; lastKnownFileType = sourcecode.swift; path = ViewController.swift; sourceTree = "<group>"; };
		18EB4D411FD68E5B00843A49 /* Base */ = {isa = PBXFileReference; lastKnownFileType = file.storyboard; name = Base; path = Base.lproj/Main.storyboard; sourceTree = "<group>"; };
		18EB4D431FD68E5B00843A49 /* Assets.xcassets */ = {isa = PBXFileReference; lastKnownFileType = folder.assetcatalog; path = Assets.xcassets; sourceTree = "<group>"; };
		18EB4D451FD68E5B00843A49 /* Info.plist */ = {isa = PBXFileReference; lastKnownFileType = text.plist.xml; path = Info.plist; sourceTree = "<group>"; };
		18EB4D561FD690D500843A49 /* macOS Demo.app */ = {isa = PBXFileReference; explicitFileType = wrapper.application; includeInIndex = 0; path = "macOS Demo.app"; sourceTree = BUILT_PRODUCTS_DIR; };
		18EB4D581FD690D600843A49 /* AppDelegate.swift */ = {isa = PBXFileReference; lastKnownFileType = sourcecode.swift; path = AppDelegate.swift; sourceTree = "<group>"; };
		18EB4D5A1FD690D600843A49 /* ViewController.swift */ = {isa = PBXFileReference; lastKnownFileType = sourcecode.swift; path = ViewController.swift; sourceTree = "<group>"; };
		18EB4D5C1FD690D600843A49 /* Assets.xcassets */ = {isa = PBXFileReference; lastKnownFileType = folder.assetcatalog; path = Assets.xcassets; sourceTree = "<group>"; };
		18EB4D5F1FD690D600843A49 /* Base */ = {isa = PBXFileReference; lastKnownFileType = file.storyboard; name = Base; path = Base.lproj/Main.storyboard; sourceTree = "<group>"; };
		18EB4D611FD690D600843A49 /* Info.plist */ = {isa = PBXFileReference; lastKnownFileType = text.plist.xml; path = Info.plist; sourceTree = "<group>"; };
		18EB4D621FD690D600843A49 /* macOS_Demo.entitlements */ = {isa = PBXFileReference; lastKnownFileType = text.plist.entitlements; path = macOS_Demo.entitlements; sourceTree = "<group>"; };
		18EB4D661FD6912000843A49 /* View.swift */ = {isa = PBXFileReference; lastKnownFileType = sourcecode.swift; path = View.swift; sourceTree = "<group>"; };
/* End PBXFileReference section */

/* Begin PBXFrameworksBuildPhase section */
		18060ADD1FC7C25B006559CE /* Frameworks */ = {
			isa = PBXFrameworksBuildPhase;
			buildActionMask = 2147483647;
			files = (
			);
			runOnlyForDeploymentPostprocessing = 0;
		};
		18060AED1FC7C38D006559CE /* Frameworks */ = {
			isa = PBXFrameworksBuildPhase;
			buildActionMask = 2147483647;
			files = (
				187D5E601FC7F48F005986AD /* Bees.framework in Frameworks */,
			);
			runOnlyForDeploymentPostprocessing = 0;
		};
		1897B279202413C1006BFC8A /* Frameworks */ = {
			isa = PBXFrameworksBuildPhase;
			buildActionMask = 2147483647;
			files = (
				1897B281202413C1006BFC8A /* Bees.framework in Frameworks */,
			);
			runOnlyForDeploymentPostprocessing = 0;
		};
		1897B28920241443006BFC8A /* Frameworks */ = {
			isa = PBXFrameworksBuildPhase;
			buildActionMask = 2147483647;
			files = (
				1897B29120241443006BFC8A /* Bees.framework in Frameworks */,
			);
			runOnlyForDeploymentPostprocessing = 0;
		};
		18A88E712023218600C90E6A /* Frameworks */ = {
			isa = PBXFrameworksBuildPhase;
			buildActionMask = 2147483647;
			files = (
				18A88E792023218600C90E6A /* Bees.framework in Frameworks */,
			);
			runOnlyForDeploymentPostprocessing = 0;
		};
		18EB4D1C1FD68D5C00843A49 /* Frameworks */ = {
			isa = PBXFrameworksBuildPhase;
			buildActionMask = 2147483647;
			files = (
			);
			runOnlyForDeploymentPostprocessing = 0;
		};
		18EB4D291FD68DA000843A49 /* Frameworks */ = {
			isa = PBXFrameworksBuildPhase;
			buildActionMask = 2147483647;
			files = (
			);
			runOnlyForDeploymentPostprocessing = 0;
		};
		18EB4D371FD68E5A00843A49 /* Frameworks */ = {
			isa = PBXFrameworksBuildPhase;
			buildActionMask = 2147483647;
			files = (
				18EB4D4D1FD68F8F00843A49 /* Bees.framework in Frameworks */,
			);
			runOnlyForDeploymentPostprocessing = 0;
		};
		18EB4D531FD690D500843A49 /* Frameworks */ = {
			isa = PBXFrameworksBuildPhase;
			buildActionMask = 2147483647;
			files = (
				18EB4D681FD6949F00843A49 /* Bees.framework in Frameworks */,
			);
			runOnlyForDeploymentPostprocessing = 0;
		};
/* End PBXFrameworksBuildPhase section */

/* Begin PBXGroup section */
		18060AD71FC7C25B006559CE = {
			isa = PBXGroup;
			children = (
				18EB4D351FD68DF600843A49 /* Demo */,
				18060AE31FC7C25B006559CE /* Bees */,
				18A88E6F2023217400C90E6A /* Test */,
				18060AE21FC7C25B006559CE /* Products */,
			);
			sourceTree = "<group>";
		};
		18060AE21FC7C25B006559CE /* Products */ = {
			isa = PBXGroup;
			children = (
				18060AE11FC7C25B006559CE /* Bees.framework */,
				18060AF01FC7C38D006559CE /* iOS Demo.app */,
				18EB4D201FD68D5C00843A49 /* Bees.framework */,
				18EB4D2D1FD68DA000843A49 /* Bees.framework */,
				18EB4D3A1FD68E5A00843A49 /* tvOS Demo.app */,
				18EB4D561FD690D500843A49 /* macOS Demo.app */,
				18A88E742023218600C90E6A /* BeesTests.xctest */,
				1897B27C202413C1006BFC8A /* BeesTests-tvOS.xctest */,
				1897B28C20241443006BFC8A /* BeesTests-macOS.xctest */,
			);
			name = Products;
			sourceTree = "<group>";
		};
		18060AE31FC7C25B006559CE /* Bees */ = {
			isa = PBXGroup;
			children = (
				18060AE41FC7C25B006559CE /* Bees.h */,
				18060AE51FC7C25B006559CE /* Info.plist */,
				187D5E5C1FC7C607005986AD /* Bee.swift */,
				181DA5C0200707910069A8F2 /* Pollen.swift */,
				181DA5C420070B800069A8F2 /* LinkBee.swift */,
				181DA5C8200746AF0069A8F2 /* SizeBee.swift */,
				181DA5D1200C49480069A8F2 /* CenterBee.swift */,
				181DA5D5200C4BEC0069A8F2 /* EdgesBee.swift */,
			);
			path = Bees;
			sourceTree = "<group>";
		};
		18060AF11FC7C38D006559CE /* iOS Demo */ = {
			isa = PBXGroup;
			children = (
				18060AF21FC7C38E006559CE /* AppDelegate.swift */,
				18060AF41FC7C38E006559CE /* ViewController.swift */,
				18060AF61FC7C38E006559CE /* Main.storyboard */,
				18060AF91FC7C38E006559CE /* Assets.xcassets */,
				18060AFB1FC7C38E006559CE /* LaunchScreen.storyboard */,
				18060AFE1FC7C38E006559CE /* Info.plist */,
			);
			path = "iOS Demo";
			sourceTree = "<group>";
		};
		1897B27D202413C1006BFC8A /* BeesTests-tvOS */ = {
			isa = PBXGroup;
			children = (
				1897B280202413C1006BFC8A /* Info.plist */,
			);
			path = "BeesTests-tvOS";
			sourceTree = "<group>";
		};
		1897B28D20241443006BFC8A /* BeesTests-macOS */ = {
			isa = PBXGroup;
			children = (
				1897B29020241443006BFC8A /* Info.plist */,
			);
			path = "BeesTests-macOS";
			sourceTree = "<group>";
		};
		18A88E6F2023217400C90E6A /* Test */ = {
			isa = PBXGroup;
			children = (
				18A88E752023218600C90E6A /* BeesTests */,
				1897B27D202413C1006BFC8A /* BeesTests-tvOS */,
				1897B28D20241443006BFC8A /* BeesTests-macOS */,
			);
			path = Test;
			sourceTree = "<group>";
		};
		18A88E752023218600C90E6A /* BeesTests */ = {
			isa = PBXGroup;
			children = (
				18A88E782023218600C90E6A /* Info.plist */,
				18A88E762023218600C90E6A /* LinkBeeTests.swift */,
				1897B298202415C7006BFC8A /* SizeBeeTests.swift */,
				1897B29C20241851006BFC8A /* CenterBeeTests.swift */,
				1897B2A020243792006BFC8A /* EdgesBeeTests.swift */,
			);
			path = BeesTests;
			sourceTree = "<group>";
		};
		18EB4D351FD68DF600843A49 /* Demo */ = {
			isa = PBXGroup;
			children = (
				18060AF11FC7C38D006559CE /* iOS Demo */,
				18EB4D3B1FD68E5B00843A49 /* tvOS Demo */,
				18EB4D571FD690D600843A49 /* macOS Demo */,
			);
			path = Demo;
			sourceTree = "<group>";
		};
		18EB4D3B1FD68E5B00843A49 /* tvOS Demo */ = {
			isa = PBXGroup;
			children = (
				18EB4D3C1FD68E5B00843A49 /* AppDelegate.swift */,
				18EB4D3E1FD68E5B00843A49 /* ViewController.swift */,
				18EB4D401FD68E5B00843A49 /* Main.storyboard */,
				18EB4D431FD68E5B00843A49 /* Assets.xcassets */,
				18EB4D451FD68E5B00843A49 /* Info.plist */,
			);
			path = "tvOS Demo";
			sourceTree = "<group>";
		};
		18EB4D571FD690D600843A49 /* macOS Demo */ = {
			isa = PBXGroup;
			children = (
				18EB4D581FD690D600843A49 /* AppDelegate.swift */,
				18EB4D5A1FD690D600843A49 /* ViewController.swift */,
				18EB4D661FD6912000843A49 /* View.swift */,
				18EB4D5C1FD690D600843A49 /* Assets.xcassets */,
				18EB4D5E1FD690D600843A49 /* Main.storyboard */,
				18EB4D611FD690D600843A49 /* Info.plist */,
				18EB4D621FD690D600843A49 /* macOS_Demo.entitlements */,
			);
			path = "macOS Demo";
			sourceTree = "<group>";
		};
/* End PBXGroup section */

/* Begin PBXHeadersBuildPhase section */
		18060ADE1FC7C25B006559CE /* Headers */ = {
			isa = PBXHeadersBuildPhase;
			buildActionMask = 2147483647;
			files = (
				18060AE61FC7C25B006559CE /* Bees.h in Headers */,
			);
			runOnlyForDeploymentPostprocessing = 0;
		};
		18EB4D1D1FD68D5C00843A49 /* Headers */ = {
			isa = PBXHeadersBuildPhase;
			buildActionMask = 2147483647;
			files = (
				18EB4D491FD68EB100843A49 /* Bees.h in Headers */,
			);
			runOnlyForDeploymentPostprocessing = 0;
		};
		18EB4D2A1FD68DA000843A49 /* Headers */ = {
			isa = PBXHeadersBuildPhase;
			buildActionMask = 2147483647;
			files = (
				18EB4D6D1FD6954000843A49 /* Bees.h in Headers */,
			);
			runOnlyForDeploymentPostprocessing = 0;
		};
/* End PBXHeadersBuildPhase section */

/* Begin PBXNativeTarget section */
		18060AE01FC7C25B006559CE /* Bees-iOS */ = {
			isa = PBXNativeTarget;
			buildConfigurationList = 18060AE91FC7C25B006559CE /* Build configuration list for PBXNativeTarget "Bees-iOS" */;
			buildPhases = (
				18060ADC1FC7C25B006559CE /* Sources */,
				18060ADD1FC7C25B006559CE /* Frameworks */,
				18060ADE1FC7C25B006559CE /* Headers */,
				18060ADF1FC7C25B006559CE /* Resources */,
			);
			buildRules = (
			);
			dependencies = (
			);
			name = "Bees-iOS";
			productName = Bees;
			productReference = 18060AE11FC7C25B006559CE /* Bees.framework */;
			productType = "com.apple.product-type.framework";
		};
		18060AEF1FC7C38D006559CE /* iOS Demo */ = {
			isa = PBXNativeTarget;
			buildConfigurationList = 18060B011FC7C38E006559CE /* Build configuration list for PBXNativeTarget "iOS Demo" */;
			buildPhases = (
				18060AEC1FC7C38D006559CE /* Sources */,
				18060AED1FC7C38D006559CE /* Frameworks */,
				18060AEE1FC7C38D006559CE /* Resources */,
				187D5E621FC7F48F005986AD /* Embed Frameworks */,
			);
			buildRules = (
			);
			dependencies = (
				18060B031FC7C3F0006559CE /* PBXTargetDependency */,
			);
			name = "iOS Demo";
			productName = "iOS Demo";
			productReference = 18060AF01FC7C38D006559CE /* iOS Demo.app */;
			productType = "com.apple.product-type.application";
		};
		1897B27B202413C1006BFC8A /* BeesTests-tvOS */ = {
			isa = PBXNativeTarget;
			buildConfigurationList = 1897B286202413C1006BFC8A /* Build configuration list for PBXNativeTarget "BeesTests-tvOS" */;
			buildPhases = (
				1897B278202413C1006BFC8A /* Sources */,
				1897B279202413C1006BFC8A /* Frameworks */,
				1897B27A202413C1006BFC8A /* Resources */,
			);
			buildRules = (
			);
			dependencies = (
				1897B283202413C1006BFC8A /* PBXTargetDependency */,
			);
			name = "BeesTests-tvOS";
			productName = "BeesTests-tvOS";
			productReference = 1897B27C202413C1006BFC8A /* BeesTests-tvOS.xctest */;
			productType = "com.apple.product-type.bundle.unit-test";
		};
		1897B28B20241443006BFC8A /* BeesTests-macOS */ = {
			isa = PBXNativeTarget;
			buildConfigurationList = 1897B29420241443006BFC8A /* Build configuration list for PBXNativeTarget "BeesTests-macOS" */;
			buildPhases = (
				1897B28820241443006BFC8A /* Sources */,
				1897B28920241443006BFC8A /* Frameworks */,
				1897B28A20241443006BFC8A /* Resources */,
			);
			buildRules = (
			);
			dependencies = (
				1897B29320241443006BFC8A /* PBXTargetDependency */,
			);
			name = "BeesTests-macOS";
			productName = "BeesTests-macOS";
			productReference = 1897B28C20241443006BFC8A /* BeesTests-macOS.xctest */;
			productType = "com.apple.product-type.bundle.unit-test";
		};
		18A88E732023218600C90E6A /* BeesTests */ = {
			isa = PBXNativeTarget;
			buildConfigurationList = 18A88E7C2023218600C90E6A /* Build configuration list for PBXNativeTarget "BeesTests" */;
			buildPhases = (
				18A88E702023218600C90E6A /* Sources */,
				18A88E712023218600C90E6A /* Frameworks */,
				18A88E722023218600C90E6A /* Resources */,
			);
			buildRules = (
			);
			dependencies = (
				18A88E7B2023218600C90E6A /* PBXTargetDependency */,
			);
			name = BeesTests;
			productName = BeesTests;
			productReference = 18A88E742023218600C90E6A /* BeesTests.xctest */;
			productType = "com.apple.product-type.bundle.unit-test";
		};
		18EB4D1F1FD68D5C00843A49 /* Bees-tvOS */ = {
			isa = PBXNativeTarget;
			buildConfigurationList = 18EB4D251FD68D5C00843A49 /* Build configuration list for PBXNativeTarget "Bees-tvOS" */;
			buildPhases = (
				18EB4D1B1FD68D5C00843A49 /* Sources */,
				18EB4D1C1FD68D5C00843A49 /* Frameworks */,
				18EB4D1D1FD68D5C00843A49 /* Headers */,
				18EB4D1E1FD68D5C00843A49 /* Resources */,
			);
			buildRules = (
			);
			dependencies = (
			);
			name = "Bees-tvOS";
			productName = "Bees-tvOS";
			productReference = 18EB4D201FD68D5C00843A49 /* Bees.framework */;
			productType = "com.apple.product-type.framework";
		};
		18EB4D2C1FD68DA000843A49 /* Bees-macOS */ = {
			isa = PBXNativeTarget;
			buildConfigurationList = 18EB4D321FD68DA000843A49 /* Build configuration list for PBXNativeTarget "Bees-macOS" */;
			buildPhases = (
				18EB4D281FD68DA000843A49 /* Sources */,
				18EB4D291FD68DA000843A49 /* Frameworks */,
				18EB4D2A1FD68DA000843A49 /* Headers */,
				18EB4D2B1FD68DA000843A49 /* Resources */,
			);
			buildRules = (
			);
			dependencies = (
			);
			name = "Bees-macOS";
			productName = "Bees-macOS";
			productReference = 18EB4D2D1FD68DA000843A49 /* Bees.framework */;
			productType = "com.apple.product-type.framework";
		};
		18EB4D391FD68E5A00843A49 /* tvOS Demo */ = {
			isa = PBXNativeTarget;
			buildConfigurationList = 18EB4D461FD68E5B00843A49 /* Build configuration list for PBXNativeTarget "tvOS Demo" */;
			buildPhases = (
				18EB4D361FD68E5A00843A49 /* Sources */,
				18EB4D371FD68E5A00843A49 /* Frameworks */,
				18EB4D381FD68E5A00843A49 /* Resources */,
				18EB4D511FD68F8F00843A49 /* Embed Frameworks */,
			);
			buildRules = (
			);
			dependencies = (
				18EB4D501FD68F8F00843A49 /* PBXTargetDependency */,
			);
			name = "tvOS Demo";
			productName = "tvOS Demo";
			productReference = 18EB4D3A1FD68E5A00843A49 /* tvOS Demo.app */;
			productType = "com.apple.product-type.application";
		};
		18EB4D551FD690D500843A49 /* macOS Demo */ = {
			isa = PBXNativeTarget;
			buildConfigurationList = 18EB4D631FD690D600843A49 /* Build configuration list for PBXNativeTarget "macOS Demo" */;
			buildPhases = (
				18EB4D521FD690D500843A49 /* Sources */,
				18EB4D531FD690D500843A49 /* Frameworks */,
				18EB4D541FD690D500843A49 /* Resources */,
				18EB4D6C1FD6949F00843A49 /* Embed Frameworks */,
			);
			buildRules = (
			);
			dependencies = (
				18EB4D6B1FD6949F00843A49 /* PBXTargetDependency */,
			);
			name = "macOS Demo";
			productName = "macOS Demo";
			productReference = 18EB4D561FD690D500843A49 /* macOS Demo.app */;
			productType = "com.apple.product-type.application";
		};
/* End PBXNativeTarget section */

/* Begin PBXProject section */
		18060AD81FC7C25B006559CE /* Project object */ = {
			isa = PBXProject;
			attributes = {
				LastSwiftUpdateCheck = 0920;
				LastUpgradeCheck = 1000;
				ORGANIZATIONNAME = Lion;
				TargetAttributes = {
					18060AE01FC7C25B006559CE = {
						CreatedOnToolsVersion = 9.1;
						LastSwiftMigration = 0910;
						ProvisioningStyle = Automatic;
					};
					18060AEF1FC7C38D006559CE = {
						CreatedOnToolsVersion = 9.1;
						ProvisioningStyle = Automatic;
					};
					1897B27B202413C1006BFC8A = {
						CreatedOnToolsVersion = 9.2;
						ProvisioningStyle = Automatic;
					};
					1897B28B20241443006BFC8A = {
						CreatedOnToolsVersion = 9.2;
						ProvisioningStyle = Automatic;
					};
					18A88E732023218600C90E6A = {
						CreatedOnToolsVersion = 9.2;
						ProvisioningStyle = Automatic;
					};
					18EB4D1F1FD68D5C00843A49 = {
						CreatedOnToolsVersion = 9.1;
						ProvisioningStyle = Automatic;
					};
					18EB4D2C1FD68DA000843A49 = {
						CreatedOnToolsVersion = 9.1;
						ProvisioningStyle = Automatic;
					};
					18EB4D391FD68E5A00843A49 = {
						CreatedOnToolsVersion = 9.1;
						ProvisioningStyle = Automatic;
					};
					18EB4D551FD690D500843A49 = {
						CreatedOnToolsVersion = 9.1;
						ProvisioningStyle = Automatic;
					};
				};
			};
			buildConfigurationList = 18060ADB1FC7C25B006559CE /* Build configuration list for PBXProject "Bees" */;
			compatibilityVersion = "Xcode 8.0";
			developmentRegion = en;
			hasScannedForEncodings = 0;
			knownRegions = (
				en,
				Base,
			);
			mainGroup = 18060AD71FC7C25B006559CE;
			productRefGroup = 18060AE21FC7C25B006559CE /* Products */;
			projectDirPath = "";
			projectRoot = "";
			targets = (
				18060AE01FC7C25B006559CE /* Bees-iOS */,
				18EB4D1F1FD68D5C00843A49 /* Bees-tvOS */,
				18EB4D2C1FD68DA000843A49 /* Bees-macOS */,
				18060AEF1FC7C38D006559CE /* iOS Demo */,
				18EB4D391FD68E5A00843A49 /* tvOS Demo */,
				18EB4D551FD690D500843A49 /* macOS Demo */,
				18A88E732023218600C90E6A /* BeesTests */,
				1897B27B202413C1006BFC8A /* BeesTests-tvOS */,
				1897B28B20241443006BFC8A /* BeesTests-macOS */,
			);
		};
/* End PBXProject section */

/* Begin PBXResourcesBuildPhase section */
		18060ADF1FC7C25B006559CE /* Resources */ = {
			isa = PBXResourcesBuildPhase;
			buildActionMask = 2147483647;
			files = (
			);
			runOnlyForDeploymentPostprocessing = 0;
		};
		18060AEE1FC7C38D006559CE /* Resources */ = {
			isa = PBXResourcesBuildPhase;
			buildActionMask = 2147483647;
			files = (
				18060AFD1FC7C38E006559CE /* LaunchScreen.storyboard in Resources */,
				18060AFA1FC7C38E006559CE /* Assets.xcassets in Resources */,
				18060AF81FC7C38E006559CE /* Main.storyboard in Resources */,
			);
			runOnlyForDeploymentPostprocessing = 0;
		};
		1897B27A202413C1006BFC8A /* Resources */ = {
			isa = PBXResourcesBuildPhase;
			buildActionMask = 2147483647;
			files = (
			);
			runOnlyForDeploymentPostprocessing = 0;
		};
		1897B28A20241443006BFC8A /* Resources */ = {
			isa = PBXResourcesBuildPhase;
			buildActionMask = 2147483647;
			files = (
			);
			runOnlyForDeploymentPostprocessing = 0;
		};
		18A88E722023218600C90E6A /* Resources */ = {
			isa = PBXResourcesBuildPhase;
			buildActionMask = 2147483647;
			files = (
			);
			runOnlyForDeploymentPostprocessing = 0;
		};
		18EB4D1E1FD68D5C00843A49 /* Resources */ = {
			isa = PBXResourcesBuildPhase;
			buildActionMask = 2147483647;
			files = (
			);
			runOnlyForDeploymentPostprocessing = 0;
		};
		18EB4D2B1FD68DA000843A49 /* Resources */ = {
			isa = PBXResourcesBuildPhase;
			buildActionMask = 2147483647;
			files = (
			);
			runOnlyForDeploymentPostprocessing = 0;
		};
		18EB4D381FD68E5A00843A49 /* Resources */ = {
			isa = PBXResourcesBuildPhase;
			buildActionMask = 2147483647;
			files = (
				18EB4D441FD68E5B00843A49 /* Assets.xcassets in Resources */,
				18EB4D421FD68E5B00843A49 /* Main.storyboard in Resources */,
			);
			runOnlyForDeploymentPostprocessing = 0;
		};
		18EB4D541FD690D500843A49 /* Resources */ = {
			isa = PBXResourcesBuildPhase;
			buildActionMask = 2147483647;
			files = (
				18EB4D5D1FD690D600843A49 /* Assets.xcassets in Resources */,
				18EB4D601FD690D600843A49 /* Main.storyboard in Resources */,
			);
			runOnlyForDeploymentPostprocessing = 0;
		};
/* End PBXResourcesBuildPhase section */

/* Begin PBXSourcesBuildPhase section */
		18060ADC1FC7C25B006559CE /* Sources */ = {
			isa = PBXSourcesBuildPhase;
			buildActionMask = 2147483647;
			files = (
				187D5E5D1FC7C607005986AD /* Bee.swift in Sources */,
				181DA5D6200C4BEC0069A8F2 /* EdgesBee.swift in Sources */,
				181DA5C520070B800069A8F2 /* LinkBee.swift in Sources */,
				181DA5C1200707910069A8F2 /* Pollen.swift in Sources */,
				181DA5C9200746AF0069A8F2 /* SizeBee.swift in Sources */,
				181DA5D2200C49480069A8F2 /* CenterBee.swift in Sources */,
			);
			runOnlyForDeploymentPostprocessing = 0;
		};
		18060AEC1FC7C38D006559CE /* Sources */ = {
			isa = PBXSourcesBuildPhase;
			buildActionMask = 2147483647;
			files = (
				18060AF51FC7C38E006559CE /* ViewController.swift in Sources */,
				18060AF31FC7C38E006559CE /* AppDelegate.swift in Sources */,
			);
			runOnlyForDeploymentPostprocessing = 0;
		};
		1897B278202413C1006BFC8A /* Sources */ = {
			isa = PBXSourcesBuildPhase;
			buildActionMask = 2147483647;
			files = (
				1897B29E20241851006BFC8A /* CenterBeeTests.swift in Sources */,
				1897B2A220243792006BFC8A /* EdgesBeeTests.swift in Sources */,
				1897B28720241408006BFC8A /* LinkBeeTests.swift in Sources */,
				1897B29A202415C7006BFC8A /* SizeBeeTests.swift in Sources */,
			);
			runOnlyForDeploymentPostprocessing = 0;
		};
		1897B28820241443006BFC8A /* Sources */ = {
			isa = PBXSourcesBuildPhase;
			buildActionMask = 2147483647;
			files = (
				1897B29F20241851006BFC8A /* CenterBeeTests.swift in Sources */,
				1897B2A320243792006BFC8A /* EdgesBeeTests.swift in Sources */,
				1897B29720241473006BFC8A /* LinkBeeTests.swift in Sources */,
				1897B29B202415C7006BFC8A /* SizeBeeTests.swift in Sources */,
			);
			runOnlyForDeploymentPostprocessing = 0;
		};
		18A88E702023218600C90E6A /* Sources */ = {
			isa = PBXSourcesBuildPhase;
			buildActionMask = 2147483647;
			files = (
				1897B29D20241851006BFC8A /* CenterBeeTests.swift in Sources */,
				1897B2A120243792006BFC8A /* EdgesBeeTests.swift in Sources */,
				18A88E772023218600C90E6A /* LinkBeeTests.swift in Sources */,
				1897B299202415C7006BFC8A /* SizeBeeTests.swift in Sources */,
			);
			runOnlyForDeploymentPostprocessing = 0;
		};
		18EB4D1B1FD68D5C00843A49 /* Sources */ = {
			isa = PBXSourcesBuildPhase;
			buildActionMask = 2147483647;
			files = (
				18EB4D4A1FD68EBE00843A49 /* Bee.swift in Sources */,
				181DA5D7200C4BEC0069A8F2 /* EdgesBee.swift in Sources */,
				181DA5C620070B800069A8F2 /* LinkBee.swift in Sources */,
				181DA5C2200707910069A8F2 /* Pollen.swift in Sources */,
				181DA5CA200746AF0069A8F2 /* SizeBee.swift in Sources */,
				181DA5D3200C49480069A8F2 /* CenterBee.swift in Sources */,
			);
			runOnlyForDeploymentPostprocessing = 0;
		};
		18EB4D281FD68DA000843A49 /* Sources */ = {
			isa = PBXSourcesBuildPhase;
			buildActionMask = 2147483647;
			files = (
				18EB4D6E1FD6954E00843A49 /* Bee.swift in Sources */,
				181DA5D8200C4BEC0069A8F2 /* EdgesBee.swift in Sources */,
				181DA5C720070B800069A8F2 /* LinkBee.swift in Sources */,
				181DA5C3200707910069A8F2 /* Pollen.swift in Sources */,
				181DA5CB200746AF0069A8F2 /* SizeBee.swift in Sources */,
				181DA5D4200C49480069A8F2 /* CenterBee.swift in Sources */,
			);
			runOnlyForDeploymentPostprocessing = 0;
		};
		18EB4D361FD68E5A00843A49 /* Sources */ = {
			isa = PBXSourcesBuildPhase;
			buildActionMask = 2147483647;
			files = (
				18EB4D3F1FD68E5B00843A49 /* ViewController.swift in Sources */,
				18EB4D3D1FD68E5B00843A49 /* AppDelegate.swift in Sources */,
			);
			runOnlyForDeploymentPostprocessing = 0;
		};
		18EB4D521FD690D500843A49 /* Sources */ = {
			isa = PBXSourcesBuildPhase;
			buildActionMask = 2147483647;
			files = (
				18EB4D5B1FD690D600843A49 /* ViewController.swift in Sources */,
				18EB4D591FD690D600843A49 /* AppDelegate.swift in Sources */,
				18EB4D671FD6912000843A49 /* View.swift in Sources */,
			);
			runOnlyForDeploymentPostprocessing = 0;
		};
/* End PBXSourcesBuildPhase section */

/* Begin PBXTargetDependency section */
		18060B031FC7C3F0006559CE /* PBXTargetDependency */ = {
			isa = PBXTargetDependency;
			target = 18060AE01FC7C25B006559CE /* Bees-iOS */;
			targetProxy = 18060B021FC7C3F0006559CE /* PBXContainerItemProxy */;
		};
		1897B283202413C1006BFC8A /* PBXTargetDependency */ = {
			isa = PBXTargetDependency;
			target = 18EB4D1F1FD68D5C00843A49 /* Bees-tvOS */;
			targetProxy = 1897B282202413C1006BFC8A /* PBXContainerItemProxy */;
		};
		1897B29320241443006BFC8A /* PBXTargetDependency */ = {
			isa = PBXTargetDependency;
			target = 18EB4D2C1FD68DA000843A49 /* Bees-macOS */;
			targetProxy = 1897B29220241443006BFC8A /* PBXContainerItemProxy */;
		};
		18A88E7B2023218600C90E6A /* PBXTargetDependency */ = {
			isa = PBXTargetDependency;
			target = 18060AE01FC7C25B006559CE /* Bees-iOS */;
			targetProxy = 18A88E7A2023218600C90E6A /* PBXContainerItemProxy */;
		};
		18EB4D501FD68F8F00843A49 /* PBXTargetDependency */ = {
			isa = PBXTargetDependency;
			target = 18EB4D1F1FD68D5C00843A49 /* Bees-tvOS */;
			targetProxy = 18EB4D4F1FD68F8F00843A49 /* PBXContainerItemProxy */;
		};
		18EB4D6B1FD6949F00843A49 /* PBXTargetDependency */ = {
			isa = PBXTargetDependency;
			target = 18EB4D2C1FD68DA000843A49 /* Bees-macOS */;
			targetProxy = 18EB4D6A1FD6949F00843A49 /* PBXContainerItemProxy */;
		};
/* End PBXTargetDependency section */

/* Begin PBXVariantGroup section */
		18060AF61FC7C38E006559CE /* Main.storyboard */ = {
			isa = PBXVariantGroup;
			children = (
				18060AF71FC7C38E006559CE /* Base */,
			);
			name = Main.storyboard;
			sourceTree = "<group>";
		};
		18060AFB1FC7C38E006559CE /* LaunchScreen.storyboard */ = {
			isa = PBXVariantGroup;
			children = (
				18060AFC1FC7C38E006559CE /* Base */,
			);
			name = LaunchScreen.storyboard;
			sourceTree = "<group>";
		};
		18EB4D401FD68E5B00843A49 /* Main.storyboard */ = {
			isa = PBXVariantGroup;
			children = (
				18EB4D411FD68E5B00843A49 /* Base */,
			);
			name = Main.storyboard;
			sourceTree = "<group>";
		};
		18EB4D5E1FD690D600843A49 /* Main.storyboard */ = {
			isa = PBXVariantGroup;
			children = (
				18EB4D5F1FD690D600843A49 /* Base */,
			);
			name = Main.storyboard;
			sourceTree = "<group>";
		};
/* End PBXVariantGroup section */

/* Begin XCBuildConfiguration section */
		18060AE71FC7C25B006559CE /* Debug */ = {
			isa = XCBuildConfiguration;
			buildSettings = {
				ALWAYS_SEARCH_USER_PATHS = NO;
				CLANG_ANALYZER_NONNULL = YES;
				CLANG_ANALYZER_NUMBER_OBJECT_CONVERSION = YES_AGGRESSIVE;
				CLANG_CXX_LANGUAGE_STANDARD = "gnu++14";
				CLANG_CXX_LIBRARY = "libc++";
				CLANG_ENABLE_MODULES = YES;
				CLANG_ENABLE_OBJC_ARC = YES;
				CLANG_WARN_BLOCK_CAPTURE_AUTORELEASING = YES;
				CLANG_WARN_BOOL_CONVERSION = YES;
				CLANG_WARN_COMMA = YES;
				CLANG_WARN_CONSTANT_CONVERSION = YES;
				CLANG_WARN_DEPRECATED_OBJC_IMPLEMENTATIONS = YES;
				CLANG_WARN_DIRECT_OBJC_ISA_USAGE = YES_ERROR;
				CLANG_WARN_DOCUMENTATION_COMMENTS = YES;
				CLANG_WARN_EMPTY_BODY = YES;
				CLANG_WARN_ENUM_CONVERSION = YES;
				CLANG_WARN_INFINITE_RECURSION = YES;
				CLANG_WARN_INT_CONVERSION = YES;
				CLANG_WARN_NON_LITERAL_NULL_CONVERSION = YES;
				CLANG_WARN_OBJC_IMPLICIT_RETAIN_SELF = YES;
				CLANG_WARN_OBJC_LITERAL_CONVERSION = YES;
				CLANG_WARN_OBJC_ROOT_CLASS = YES_ERROR;
				CLANG_WARN_RANGE_LOOP_ANALYSIS = YES;
				CLANG_WARN_STRICT_PROTOTYPES = YES;
				CLANG_WARN_SUSPICIOUS_MOVE = YES;
				CLANG_WARN_UNGUARDED_AVAILABILITY = YES_AGGRESSIVE;
				CLANG_WARN_UNREACHABLE_CODE = YES;
				CLANG_WARN__DUPLICATE_METHOD_MATCH = YES;
				CODE_SIGN_IDENTITY = "iPhone Developer";
				COPY_PHASE_STRIP = NO;
				CURRENT_PROJECT_VERSION = 1;
				DEBUG_INFORMATION_FORMAT = dwarf;
				ENABLE_STRICT_OBJC_MSGSEND = YES;
				ENABLE_TESTABILITY = YES;
				GCC_C_LANGUAGE_STANDARD = gnu11;
				GCC_DYNAMIC_NO_PIC = NO;
				GCC_NO_COMMON_BLOCKS = YES;
				GCC_OPTIMIZATION_LEVEL = 0;
				GCC_PREPROCESSOR_DEFINITIONS = (
					"DEBUG=1",
					"$(inherited)",
				);
				GCC_WARN_64_TO_32_BIT_CONVERSION = YES;
				GCC_WARN_ABOUT_RETURN_TYPE = YES_ERROR;
				GCC_WARN_UNDECLARED_SELECTOR = YES;
				GCC_WARN_UNINITIALIZED_AUTOS = YES_AGGRESSIVE;
				GCC_WARN_UNUSED_FUNCTION = YES;
				GCC_WARN_UNUSED_VARIABLE = YES;
				IPHONEOS_DEPLOYMENT_TARGET = 11.1;
				MTL_ENABLE_DEBUG_INFO = YES;
				ONLY_ACTIVE_ARCH = YES;
				SDKROOT = iphoneos;
				SWIFT_ACTIVE_COMPILATION_CONDITIONS = DEBUG;
				SWIFT_OPTIMIZATION_LEVEL = "-Onone";
				VERSIONING_SYSTEM = "apple-generic";
				VERSION_INFO_PREFIX = "";
			};
			name = Debug;
		};
		18060AE81FC7C25B006559CE /* Release */ = {
			isa = XCBuildConfiguration;
			buildSettings = {
				ALWAYS_SEARCH_USER_PATHS = NO;
				CLANG_ANALYZER_NONNULL = YES;
				CLANG_ANALYZER_NUMBER_OBJECT_CONVERSION = YES_AGGRESSIVE;
				CLANG_CXX_LANGUAGE_STANDARD = "gnu++14";
				CLANG_CXX_LIBRARY = "libc++";
				CLANG_ENABLE_MODULES = YES;
				CLANG_ENABLE_OBJC_ARC = YES;
				CLANG_WARN_BLOCK_CAPTURE_AUTORELEASING = YES;
				CLANG_WARN_BOOL_CONVERSION = YES;
				CLANG_WARN_COMMA = YES;
				CLANG_WARN_CONSTANT_CONVERSION = YES;
				CLANG_WARN_DEPRECATED_OBJC_IMPLEMENTATIONS = YES;
				CLANG_WARN_DIRECT_OBJC_ISA_USAGE = YES_ERROR;
				CLANG_WARN_DOCUMENTATION_COMMENTS = YES;
				CLANG_WARN_EMPTY_BODY = YES;
				CLANG_WARN_ENUM_CONVERSION = YES;
				CLANG_WARN_INFINITE_RECURSION = YES;
				CLANG_WARN_INT_CONVERSION = YES;
				CLANG_WARN_NON_LITERAL_NULL_CONVERSION = YES;
				CLANG_WARN_OBJC_IMPLICIT_RETAIN_SELF = YES;
				CLANG_WARN_OBJC_LITERAL_CONVERSION = YES;
				CLANG_WARN_OBJC_ROOT_CLASS = YES_ERROR;
				CLANG_WARN_RANGE_LOOP_ANALYSIS = YES;
				CLANG_WARN_STRICT_PROTOTYPES = YES;
				CLANG_WARN_SUSPICIOUS_MOVE = YES;
				CLANG_WARN_UNGUARDED_AVAILABILITY = YES_AGGRESSIVE;
				CLANG_WARN_UNREACHABLE_CODE = YES;
				CLANG_WARN__DUPLICATE_METHOD_MATCH = YES;
				CODE_SIGN_IDENTITY = "iPhone Developer";
				COPY_PHASE_STRIP = NO;
				CURRENT_PROJECT_VERSION = 1;
				DEBUG_INFORMATION_FORMAT = "dwarf-with-dsym";
				ENABLE_NS_ASSERTIONS = NO;
				ENABLE_STRICT_OBJC_MSGSEND = YES;
				GCC_C_LANGUAGE_STANDARD = gnu11;
				GCC_NO_COMMON_BLOCKS = YES;
				GCC_WARN_64_TO_32_BIT_CONVERSION = YES;
				GCC_WARN_ABOUT_RETURN_TYPE = YES_ERROR;
				GCC_WARN_UNDECLARED_SELECTOR = YES;
				GCC_WARN_UNINITIALIZED_AUTOS = YES_AGGRESSIVE;
				GCC_WARN_UNUSED_FUNCTION = YES;
				GCC_WARN_UNUSED_VARIABLE = YES;
				IPHONEOS_DEPLOYMENT_TARGET = 11.1;
				MTL_ENABLE_DEBUG_INFO = NO;
				SDKROOT = iphoneos;
				SWIFT_OPTIMIZATION_LEVEL = "-Owholemodule";
				VALIDATE_PRODUCT = YES;
				VERSIONING_SYSTEM = "apple-generic";
				VERSION_INFO_PREFIX = "";
			};
			name = Release;
		};
		18060AEA1FC7C25B006559CE /* Debug */ = {
			isa = XCBuildConfiguration;
			buildSettings = {
				CLANG_ENABLE_MODULES = YES;
				CODE_SIGN_IDENTITY = "";
				CODE_SIGN_STYLE = Automatic;
				DEFINES_MODULE = YES;
				DYLIB_COMPATIBILITY_VERSION = 1;
				DYLIB_CURRENT_VERSION = 1;
				DYLIB_INSTALL_NAME_BASE = "@rpath";
				INFOPLIST_FILE = Bees/Info.plist;
				INSTALL_PATH = "$(LOCAL_LIBRARY_DIR)/Frameworks";
				IPHONEOS_DEPLOYMENT_TARGET = 8.0;
				LD_RUNPATH_SEARCH_PATHS = "$(inherited) @executable_path/Frameworks @loader_path/Frameworks";
				PRODUCT_BUNDLE_IDENTIFIER = self.Lion.Bees;
				PRODUCT_NAME = Bees;
				SKIP_INSTALL = YES;
				SWIFT_OPTIMIZATION_LEVEL = "-Onone";
				SWIFT_VERSION = 4.2;
				TARGETED_DEVICE_FAMILY = "1,2";
			};
			name = Debug;
		};
		18060AEB1FC7C25B006559CE /* Release */ = {
			isa = XCBuildConfiguration;
			buildSettings = {
				CLANG_ENABLE_MODULES = YES;
				CODE_SIGN_IDENTITY = "";
				CODE_SIGN_STYLE = Automatic;
				DEFINES_MODULE = YES;
				DYLIB_COMPATIBILITY_VERSION = 1;
				DYLIB_CURRENT_VERSION = 1;
				DYLIB_INSTALL_NAME_BASE = "@rpath";
				INFOPLIST_FILE = Bees/Info.plist;
				INSTALL_PATH = "$(LOCAL_LIBRARY_DIR)/Frameworks";
				IPHONEOS_DEPLOYMENT_TARGET = 8.0;
				LD_RUNPATH_SEARCH_PATHS = "$(inherited) @executable_path/Frameworks @loader_path/Frameworks";
				PRODUCT_BUNDLE_IDENTIFIER = self.Lion.Bees;
				PRODUCT_NAME = Bees;
				SKIP_INSTALL = YES;
				SWIFT_VERSION = 4.2;
				TARGETED_DEVICE_FAMILY = "1,2";
			};
			name = Release;
		};
		18060AFF1FC7C38E006559CE /* Debug */ = {
			isa = XCBuildConfiguration;
			buildSettings = {
				ALWAYS_EMBED_SWIFT_STANDARD_LIBRARIES = YES;
				ASSETCATALOG_COMPILER_APPICON_NAME = AppIcon;
				CODE_SIGN_STYLE = Automatic;
				INFOPLIST_FILE = "$(SRCROOT)/Demo/iOS Demo/Info.plist";
				IPHONEOS_DEPLOYMENT_TARGET = 11.1;
				LD_RUNPATH_SEARCH_PATHS = "$(inherited) @executable_path/Frameworks";
				PRODUCT_BUNDLE_IDENTIFIER = "self.Lion.iOS-Demo";
				PRODUCT_NAME = "$(TARGET_NAME)";
				SWIFT_VERSION = 4.2;
				TARGETED_DEVICE_FAMILY = 1;
			};
			name = Debug;
		};
		18060B001FC7C38E006559CE /* Release */ = {
			isa = XCBuildConfiguration;
			buildSettings = {
				ALWAYS_EMBED_SWIFT_STANDARD_LIBRARIES = YES;
				ASSETCATALOG_COMPILER_APPICON_NAME = AppIcon;
				CODE_SIGN_STYLE = Automatic;
				INFOPLIST_FILE = "$(SRCROOT)/Demo/iOS Demo/Info.plist";
				IPHONEOS_DEPLOYMENT_TARGET = 11.1;
				LD_RUNPATH_SEARCH_PATHS = "$(inherited) @executable_path/Frameworks";
				PRODUCT_BUNDLE_IDENTIFIER = "self.Lion.iOS-Demo";
				PRODUCT_NAME = "$(TARGET_NAME)";
				SWIFT_VERSION = 4.2;
				TARGETED_DEVICE_FAMILY = 1;
			};
			name = Release;
		};
		1897B284202413C1006BFC8A /* Debug */ = {
			isa = XCBuildConfiguration;
			buildSettings = {
				CODE_SIGN_STYLE = Automatic;
				INFOPLIST_FILE = "Test/BeesTests-tvOS/Info.plist";
				LD_RUNPATH_SEARCH_PATHS = "$(inherited) @executable_path/Frameworks @loader_path/Frameworks";
				PRODUCT_BUNDLE_IDENTIFIER = "hongcaiyu.BeesTests-tvOS";
				PRODUCT_NAME = "$(TARGET_NAME)";
				SDKROOT = appletvos;
				SWIFT_VERSION = 4.0;
				TARGETED_DEVICE_FAMILY = 3;
				TVOS_DEPLOYMENT_TARGET = 11.2;
			};
			name = Debug;
		};
		1897B285202413C1006BFC8A /* Release */ = {
			isa = XCBuildConfiguration;
			buildSettings = {
				CODE_SIGN_STYLE = Automatic;
				INFOPLIST_FILE = "Test/BeesTests-tvOS/Info.plist";
				LD_RUNPATH_SEARCH_PATHS = "$(inherited) @executable_path/Frameworks @loader_path/Frameworks";
				PRODUCT_BUNDLE_IDENTIFIER = "hongcaiyu.BeesTests-tvOS";
				PRODUCT_NAME = "$(TARGET_NAME)";
				SDKROOT = appletvos;
				SWIFT_VERSION = 4.0;
				TARGETED_DEVICE_FAMILY = 3;
				TVOS_DEPLOYMENT_TARGET = 11.2;
			};
			name = Release;
		};
		1897B29520241443006BFC8A /* Debug */ = {
			isa = XCBuildConfiguration;
			buildSettings = {
				CODE_SIGN_IDENTITY = "-";
				CODE_SIGN_STYLE = Automatic;
				COMBINE_HIDPI_IMAGES = YES;
				INFOPLIST_FILE = "Test/BeesTests-macOS/Info.plist";
				LD_RUNPATH_SEARCH_PATHS = "$(inherited) @executable_path/../Frameworks @loader_path/../Frameworks";
				MACOSX_DEPLOYMENT_TARGET = 10.13;
				PRODUCT_BUNDLE_IDENTIFIER = "hongcaiyu.BeesTests-macOS";
				PRODUCT_NAME = "$(TARGET_NAME)";
				SDKROOT = macosx;
				SWIFT_VERSION = 4.0;
			};
			name = Debug;
		};
		1897B29620241443006BFC8A /* Release */ = {
			isa = XCBuildConfiguration;
			buildSettings = {
				CODE_SIGN_IDENTITY = "-";
				CODE_SIGN_STYLE = Automatic;
				COMBINE_HIDPI_IMAGES = YES;
				INFOPLIST_FILE = "Test/BeesTests-macOS/Info.plist";
				LD_RUNPATH_SEARCH_PATHS = "$(inherited) @executable_path/../Frameworks @loader_path/../Frameworks";
				MACOSX_DEPLOYMENT_TARGET = 10.13;
				PRODUCT_BUNDLE_IDENTIFIER = "hongcaiyu.BeesTests-macOS";
				PRODUCT_NAME = "$(TARGET_NAME)";
				SDKROOT = macosx;
				SWIFT_VERSION = 4.0;
			};
			name = Release;
		};
		18A88E7D2023218600C90E6A /* Debug */ = {
			isa = XCBuildConfiguration;
			buildSettings = {
				CODE_SIGN_STYLE = Automatic;
				INFOPLIST_FILE = Test/BeesTests/Info.plist;
				IPHONEOS_DEPLOYMENT_TARGET = 11.2;
				LD_RUNPATH_SEARCH_PATHS = "$(inherited) @executable_path/Frameworks @loader_path/Frameworks";
				PRODUCT_BUNDLE_IDENTIFIER = hongcaiyu.BeesTests;
				PRODUCT_NAME = "$(TARGET_NAME)";
				SWIFT_VERSION = 4.0;
				TARGETED_DEVICE_FAMILY = "1,2";
			};
			name = Debug;
		};
		18A88E7E2023218600C90E6A /* Release */ = {
			isa = XCBuildConfiguration;
			buildSettings = {
				CODE_SIGN_STYLE = Automatic;
				INFOPLIST_FILE = Test/BeesTests/Info.plist;
				IPHONEOS_DEPLOYMENT_TARGET = 11.2;
				LD_RUNPATH_SEARCH_PATHS = "$(inherited) @executable_path/Frameworks @loader_path/Frameworks";
				PRODUCT_BUNDLE_IDENTIFIER = hongcaiyu.BeesTests;
				PRODUCT_NAME = "$(TARGET_NAME)";
				SWIFT_VERSION = 4.0;
				TARGETED_DEVICE_FAMILY = "1,2";
			};
			name = Release;
		};
		18EB4D261FD68D5C00843A49 /* Debug */ = {
			isa = XCBuildConfiguration;
			buildSettings = {
				CODE_SIGN_IDENTITY = "";
				CODE_SIGN_STYLE = Automatic;
				DEFINES_MODULE = YES;
				DYLIB_COMPATIBILITY_VERSION = 1;
				DYLIB_CURRENT_VERSION = 1;
				DYLIB_INSTALL_NAME_BASE = "@rpath";
				INFOPLIST_FILE = "$(SRCROOT)/Bees/Info.plist";
				INSTALL_PATH = "$(LOCAL_LIBRARY_DIR)/Frameworks";
				LD_RUNPATH_SEARCH_PATHS = "$(inherited) @executable_path/Frameworks @loader_path/Frameworks";
				PRODUCT_BUNDLE_IDENTIFIER = "self.Lion.Bees-tvOS";
				PRODUCT_NAME = Bees;
				SDKROOT = appletvos;
				SKIP_INSTALL = YES;
				SWIFT_VERSION = 4.2;
				TARGETED_DEVICE_FAMILY = 3;
				TVOS_DEPLOYMENT_TARGET = 9.0;
			};
			name = Debug;
		};
		18EB4D271FD68D5C00843A49 /* Release */ = {
			isa = XCBuildConfiguration;
			buildSettings = {
				CODE_SIGN_IDENTITY = "";
				CODE_SIGN_STYLE = Automatic;
				DEFINES_MODULE = YES;
				DYLIB_COMPATIBILITY_VERSION = 1;
				DYLIB_CURRENT_VERSION = 1;
				DYLIB_INSTALL_NAME_BASE = "@rpath";
				INFOPLIST_FILE = "$(SRCROOT)/Bees/Info.plist";
				INSTALL_PATH = "$(LOCAL_LIBRARY_DIR)/Frameworks";
				LD_RUNPATH_SEARCH_PATHS = "$(inherited) @executable_path/Frameworks @loader_path/Frameworks";
				PRODUCT_BUNDLE_IDENTIFIER = "self.Lion.Bees-tvOS";
				PRODUCT_NAME = Bees;
				SDKROOT = appletvos;
				SKIP_INSTALL = YES;
				SWIFT_VERSION = 4.2;
				TARGETED_DEVICE_FAMILY = 3;
				TVOS_DEPLOYMENT_TARGET = 9.0;
			};
			name = Release;
		};
		18EB4D331FD68DA000843A49 /* Debug */ = {
			isa = XCBuildConfiguration;
			buildSettings = {
				CODE_SIGN_IDENTITY = "-";
				CODE_SIGN_STYLE = Automatic;
				COMBINE_HIDPI_IMAGES = YES;
				DEFINES_MODULE = YES;
				DYLIB_COMPATIBILITY_VERSION = 1;
				DYLIB_CURRENT_VERSION = 1;
				DYLIB_INSTALL_NAME_BASE = "@rpath";
				FRAMEWORK_VERSION = A;
				INFOPLIST_FILE = "$(SRCROOT)/Bees/Info.plist";
				INSTALL_PATH = "$(LOCAL_LIBRARY_DIR)/Frameworks";
				LD_RUNPATH_SEARCH_PATHS = "$(inherited) @executable_path/../Frameworks @loader_path/Frameworks";
				MACOSX_DEPLOYMENT_TARGET = 10.10;
				PRODUCT_BUNDLE_IDENTIFIER = "self.Lion.Bees-macOS";
				PRODUCT_NAME = Bees;
				SDKROOT = macosx;
				SKIP_INSTALL = YES;
				SWIFT_VERSION = 4.2;
			};
			name = Debug;
		};
		18EB4D341FD68DA000843A49 /* Release */ = {
			isa = XCBuildConfiguration;
			buildSettings = {
				CODE_SIGN_IDENTITY = "-";
				CODE_SIGN_STYLE = Automatic;
				COMBINE_HIDPI_IMAGES = YES;
				DEFINES_MODULE = YES;
				DYLIB_COMPATIBILITY_VERSION = 1;
				DYLIB_CURRENT_VERSION = 1;
				DYLIB_INSTALL_NAME_BASE = "@rpath";
				FRAMEWORK_VERSION = A;
				INFOPLIST_FILE = "$(SRCROOT)/Bees/Info.plist";
				INSTALL_PATH = "$(LOCAL_LIBRARY_DIR)/Frameworks";
				LD_RUNPATH_SEARCH_PATHS = "$(inherited) @executable_path/../Frameworks @loader_path/Frameworks";
				MACOSX_DEPLOYMENT_TARGET = 10.10;
				PRODUCT_BUNDLE_IDENTIFIER = "self.Lion.Bees-macOS";
				PRODUCT_NAME = Bees;
				SDKROOT = macosx;
				SKIP_INSTALL = YES;
				SWIFT_VERSION = 4.2;
			};
			name = Release;
		};
		18EB4D471FD68E5B00843A49 /* Debug */ = {
			isa = XCBuildConfiguration;
			buildSettings = {
				ALWAYS_EMBED_SWIFT_STANDARD_LIBRARIES = YES;
				ASSETCATALOG_COMPILER_APPICON_NAME = "App Icon & Top Shelf Image";
				ASSETCATALOG_COMPILER_LAUNCHIMAGE_NAME = LaunchImage;
				CODE_SIGN_STYLE = Automatic;
				INFOPLIST_FILE = "$(SRCROOT)/Demo/tvOS Demo/Info.plist";
				LD_RUNPATH_SEARCH_PATHS = "$(inherited) @executable_path/Frameworks";
				PRODUCT_BUNDLE_IDENTIFIER = "self.Lion.tvOS-Demo";
				PRODUCT_NAME = "$(TARGET_NAME)";
				SDKROOT = appletvos;
				SWIFT_VERSION = 4.2;
				TARGETED_DEVICE_FAMILY = 3;
				TVOS_DEPLOYMENT_TARGET = 11.1;
			};
			name = Debug;
		};
		18EB4D481FD68E5B00843A49 /* Release */ = {
			isa = XCBuildConfiguration;
			buildSettings = {
				ALWAYS_EMBED_SWIFT_STANDARD_LIBRARIES = YES;
				ASSETCATALOG_COMPILER_APPICON_NAME = "App Icon & Top Shelf Image";
				ASSETCATALOG_COMPILER_LAUNCHIMAGE_NAME = LaunchImage;
				CODE_SIGN_STYLE = Automatic;
				INFOPLIST_FILE = "$(SRCROOT)/Demo/tvOS Demo/Info.plist";
				LD_RUNPATH_SEARCH_PATHS = "$(inherited) @executable_path/Frameworks";
				PRODUCT_BUNDLE_IDENTIFIER = "self.Lion.tvOS-Demo";
				PRODUCT_NAME = "$(TARGET_NAME)";
				SDKROOT = appletvos;
				SWIFT_VERSION = 4.2;
				TARGETED_DEVICE_FAMILY = 3;
				TVOS_DEPLOYMENT_TARGET = 11.1;
			};
			name = Release;
		};
		18EB4D641FD690D600843A49 /* Debug */ = {
			isa = XCBuildConfiguration;
			buildSettings = {
				ALWAYS_EMBED_SWIFT_STANDARD_LIBRARIES = YES;
				ASSETCATALOG_COMPILER_APPICON_NAME = AppIcon;
				CODE_SIGN_ENTITLEMENTS = "Demo/macOS Demo/macOS_Demo.entitlements";
				CODE_SIGN_IDENTITY = "-";
				CODE_SIGN_STYLE = Automatic;
				COMBINE_HIDPI_IMAGES = YES;
				INFOPLIST_FILE = "$(SRCROOT)/Demo/macOS Demo/Info.plist";
				LD_RUNPATH_SEARCH_PATHS = "$(inherited) @executable_path/../Frameworks";
				MACOSX_DEPLOYMENT_TARGET = 10.13;
				PRODUCT_BUNDLE_IDENTIFIER = "self.Lion.macOS-Demo";
				PRODUCT_NAME = "$(TARGET_NAME)";
				SDKROOT = macosx;
				SWIFT_VERSION = 4.2;
			};
			name = Debug;
		};
		18EB4D651FD690D600843A49 /* Release */ = {
			isa = XCBuildConfiguration;
			buildSettings = {
				ALWAYS_EMBED_SWIFT_STANDARD_LIBRARIES = YES;
				ASSETCATALOG_COMPILER_APPICON_NAME = AppIcon;
				CODE_SIGN_ENTITLEMENTS = "Demo/macOS Demo/macOS_Demo.entitlements";
				CODE_SIGN_IDENTITY = "-";
				CODE_SIGN_STYLE = Automatic;
				COMBINE_HIDPI_IMAGES = YES;
				INFOPLIST_FILE = "$(SRCROOT)/Demo/macOS Demo/Info.plist";
				LD_RUNPATH_SEARCH_PATHS = "$(inherited) @executable_path/../Frameworks";
				MACOSX_DEPLOYMENT_TARGET = 10.13;
				PRODUCT_BUNDLE_IDENTIFIER = "self.Lion.macOS-Demo";
				PRODUCT_NAME = "$(TARGET_NAME)";
				SDKROOT = macosx;
				SWIFT_VERSION = 4.2;
			};
			name = Release;
		};
/* End XCBuildConfiguration section */

/* Begin XCConfigurationList section */
		18060ADB1FC7C25B006559CE /* Build configuration list for PBXProject "Bees" */ = {
			isa = XCConfigurationList;
			buildConfigurations = (
				18060AE71FC7C25B006559CE /* Debug */,
				18060AE81FC7C25B006559CE /* Release */,
			);
			defaultConfigurationIsVisible = 0;
			defaultConfigurationName = Release;
		};
		18060AE91FC7C25B006559CE /* Build configuration list for PBXNativeTarget "Bees-iOS" */ = {
			isa = XCConfigurationList;
			buildConfigurations = (
				18060AEA1FC7C25B006559CE /* Debug */,
				18060AEB1FC7C25B006559CE /* Release */,
			);
			defaultConfigurationIsVisible = 0;
			defaultConfigurationName = Release;
		};
		18060B011FC7C38E006559CE /* Build configuration list for PBXNativeTarget "iOS Demo" */ = {
			isa = XCConfigurationList;
			buildConfigurations = (
				18060AFF1FC7C38E006559CE /* Debug */,
				18060B001FC7C38E006559CE /* Release */,
			);
			defaultConfigurationIsVisible = 0;
			defaultConfigurationName = Release;
		};
		1897B286202413C1006BFC8A /* Build configuration list for PBXNativeTarget "BeesTests-tvOS" */ = {
			isa = XCConfigurationList;
			buildConfigurations = (
				1897B284202413C1006BFC8A /* Debug */,
				1897B285202413C1006BFC8A /* Release */,
			);
			defaultConfigurationIsVisible = 0;
			defaultConfigurationName = Release;
		};
		1897B29420241443006BFC8A /* Build configuration list for PBXNativeTarget "BeesTests-macOS" */ = {
			isa = XCConfigurationList;
			buildConfigurations = (
				1897B29520241443006BFC8A /* Debug */,
				1897B29620241443006BFC8A /* Release */,
			);
			defaultConfigurationIsVisible = 0;
			defaultConfigurationName = Release;
		};
		18A88E7C2023218600C90E6A /* Build configuration list for PBXNativeTarget "BeesTests" */ = {
			isa = XCConfigurationList;
			buildConfigurations = (
				18A88E7D2023218600C90E6A /* Debug */,
				18A88E7E2023218600C90E6A /* Release */,
			);
			defaultConfigurationIsVisible = 0;
			defaultConfigurationName = Release;
		};
		18EB4D251FD68D5C00843A49 /* Build configuration list for PBXNativeTarget "Bees-tvOS" */ = {
			isa = XCConfigurationList;
			buildConfigurations = (
				18EB4D261FD68D5C00843A49 /* Debug */,
				18EB4D271FD68D5C00843A49 /* Release */,
			);
			defaultConfigurationIsVisible = 0;
			defaultConfigurationName = Release;
		};
		18EB4D321FD68DA000843A49 /* Build configuration list for PBXNativeTarget "Bees-macOS" */ = {
			isa = XCConfigurationList;
			buildConfigurations = (
				18EB4D331FD68DA000843A49 /* Debug */,
				18EB4D341FD68DA000843A49 /* Release */,
			);
			defaultConfigurationIsVisible = 0;
			defaultConfigurationName = Release;
		};
		18EB4D461FD68E5B00843A49 /* Build configuration list for PBXNativeTarget "tvOS Demo" */ = {
			isa = XCConfigurationList;
			buildConfigurations = (
				18EB4D471FD68E5B00843A49 /* Debug */,
				18EB4D481FD68E5B00843A49 /* Release */,
			);
			defaultConfigurationIsVisible = 0;
			defaultConfigurationName = Release;
		};
		18EB4D631FD690D600843A49 /* Build configuration list for PBXNativeTarget "macOS Demo" */ = {
			isa = XCConfigurationList;
			buildConfigurations = (
				18EB4D641FD690D600843A49 /* Debug */,
				18EB4D651FD690D600843A49 /* Release */,
			);
			defaultConfigurationIsVisible = 0;
			defaultConfigurationName = Release;
		};
/* End XCConfigurationList section */
	};
	rootObject = 18060AD81FC7C25B006559CE /* Project object */;
}
